// !$*UTF8*$!
{
	archiveVersion = 1;
	classes = {
	};
	objectVersion = 56;
	objects = {

/* Begin PBXBuildFile section */
		B3585ED22C706604007D20D7 /* AppDelegate.swift in Sources */ = {isa = PBXBuildFile; fileRef = B3585ED12C706604007D20D7 /* AppDelegate.swift */; };
		B3585ED42C706604007D20D7 /* SceneDelegate.swift in Sources */ = {isa = PBXBuildFile; fileRef = B3585ED32C706604007D20D7 /* SceneDelegate.swift */; };
		B3585ED62C706604007D20D7 /* ViewController.swift in Sources */ = {isa = PBXBuildFile; fileRef = B3585ED52C706604007D20D7 /* ViewController.swift */; };
		B3585ED92C706604007D20D7 /* Main.storyboard in Resources */ = {isa = PBXBuildFile; fileRef = B3585ED72C706604007D20D7 /* Main.storyboard */; };
		B3585EDB2C706604007D20D7 /* Assets.xcassets in Resources */ = {isa = PBXBuildFile; fileRef = B3585EDA2C706604007D20D7 /* Assets.xcassets */; };
		B3585EDE2C706604007D20D7 /* LaunchScreen.storyboard in Resources */ = {isa = PBXBuildFile; fileRef = B3585EDC2C706604007D20D7 /* LaunchScreen.storyboard */; };
		B3585EEA2C7067DC007D20D7 /* GridCell.swift in Sources */ = {isa = PBXBuildFile; fileRef = B3585EE82C7067DC007D20D7 /* GridCell.swift */; };
		B3585EEB2C7067DC007D20D7 /* GridCell.xib in Resources */ = {isa = PBXBuildFile; fileRef = B3585EE92C7067DC007D20D7 /* GridCell.xib */; };
/* End PBXBuildFile section */

/* Begin PBXFileReference section */
		B3585ECE2C706604007D20D7 /* collectionPractice.app */ = {isa = PBXFileReference; explicitFileType = wrapper.application; includeInIndex = 0; path = collectionPractice.app; sourceTree = BUILT_PRODUCTS_DIR; };
		B3585ED12C706604007D20D7 /* AppDelegate.swift */ = {isa = PBXFileReference; lastKnownFileType = sourcecode.swift; path = AppDelegate.swift; sourceTree = "<group>"; };
		B3585ED32C706604007D20D7 /* SceneDelegate.swift */ = {isa = PBXFileReference; lastKnownFileType = sourcecode.swift; path = SceneDelegate.swift; sourceTree = "<group>"; };
		B3585ED52C706604007D20D7 /* ViewController.swift */ = {isa = PBXFileReference; lastKnownFileType = sourcecode.swift; path = ViewController.swift; sourceTree = "<group>"; };
		B3585ED82C706604007D20D7 /* Base */ = {isa = PBXFileReference; lastKnownFileType = file.storyboard; name = Base; path = Base.lproj/Main.storyboard; sourceTree = "<group>"; };
		B3585EDA2C706604007D20D7 /* Assets.xcassets */ = {isa = PBXFileReference; lastKnownFileType = folder.assetcatalog; path = Assets.xcassets; sourceTree = "<group>"; };
		B3585EDD2C706604007D20D7 /* Base */ = {isa = PBXFileReference; lastKnownFileType = file.storyboard; name = Base; path = Base.lproj/LaunchScreen.storyboard; sourceTree = "<group>"; };
		B3585EDF2C706604007D20D7 /* Info.plist */ = {isa = PBXFileReference; lastKnownFileType = text.plist.xml; path = Info.plist; sourceTree = "<group>"; };
		B3585EE82C7067DC007D20D7 /* GridCell.swift */ = {isa = PBXFileReference; lastKnownFileType = sourcecode.swift; path = GridCell.swift; sourceTree = "<group>"; };
		B3585EE92C7067DC007D20D7 /* GridCell.xib */ = {isa = PBXFileReference; lastKnownFileType = file.xib; path = GridCell.xib; sourceTree = "<group>"; };
/* End PBXFileReference section */

/* Begin PBXFrameworksBuildPhase section */
		B3585ECB2C706604007D20D7 /* Frameworks */ = {
			isa = PBXFrameworksBuildPhase;
			buildActionMask = 2147483647;
			files = (
			);
			runOnlyForDeploymentPostprocessing = 0;
		};
/* End PBXFrameworksBuildPhase section */

/* Begin PBXGroup section */
		B3585EC52C706604007D20D7 = {
			isa = PBXGroup;
			children = (
				B3585ED02C706604007D20D7 /* collectionPractice */,
				B3585ECF2C706604007D20D7 /* Products */,
			);
			sourceTree = "<group>";
		};
		B3585ECF2C706604007D20D7 /* Products */ = {
			isa = PBXGroup;
			children = (
				B3585ECE2C706604007D20D7 /* collectionPractice.app */,
			);
			name = Products;
			sourceTree = "<group>";
		};
		B3585ED02C706604007D20D7 /* collectionPractice */ = {
			isa = PBXGroup;
			children = (
				B3585EE72C706621007D20D7 /* Model */,
				B3585EE62C70661B007D20D7 /* View */,
				B3585EE52C706612007D20D7 /* Controller */,
				B3585ED12C706604007D20D7 /* AppDelegate.swift */,
				B3585ED32C706604007D20D7 /* SceneDelegate.swift */,
				B3585EDA2C706604007D20D7 /* Assets.xcassets */,
				B3585EDC2C706604007D20D7 /* LaunchScreen.storyboard */,
				B3585EDF2C706604007D20D7 /* Info.plist */,
			);
			path = collectionPractice;
			sourceTree = "<group>";
		};
		B3585EE52C706612007D20D7 /* Controller */ = {
			isa = PBXGroup;
			children = (
				B3585ED52C706604007D20D7 /* ViewController.swift */,
				B3585EE82C7067DC007D20D7 /* GridCell.swift */,
				B3585EE92C7067DC007D20D7 /* GridCell.xib */,
			);
			path = Controller;
			sourceTree = "<group>";
		};
		B3585EE62C70661B007D20D7 /* View */ = {
			isa = PBXGroup;
			children = (
				B3585ED72C706604007D20D7 /* Main.storyboard */,
			);
			path = View;
			sourceTree = "<group>";
		};
		B3585EE72C706621007D20D7 /* Model */ = {
			isa = PBXGroup;
			children = (
			);
			path = Model;
			sourceTree = "<group>";
		};
/* End PBXGroup section */

/* Begin PBXNativeTarget section */
		B3585ECD2C706604007D20D7 /* collectionPractice */ = {
			isa = PBXNativeTarget;
			buildConfigurationList = B3585EE22C706604007D20D7 /* Build configuration list for PBXNativeTarget "collectionPractice" */;
			buildPhases = (
				B3585ECA2C706604007D20D7 /* Sources */,
				B3585ECB2C706604007D20D7 /* Frameworks */,
				B3585ECC2C706604007D20D7 /* Resources */,
			);
			buildRules = (
			);
			dependencies = (
			);
			name = collectionPractice;
			productName = collectionPractice;
			productReference = B3585ECE2C706604007D20D7 /* collectionPractice.app */;
			productType = "com.apple.product-type.application";
		};
/* End PBXNativeTarget section */

/* Begin PBXProject section */
		B3585EC62C706604007D20D7 /* Project object */ = {
			isa = PBXProject;
			attributes = {
				BuildIndependentTargetsInParallel = 1;
				LastSwiftUpdateCheck = 1400;
				LastUpgradeCheck = 1400;
				TargetAttributes = {
					B3585ECD2C706604007D20D7 = {
						CreatedOnToolsVersion = 14.0;
					};
				};
			};
			buildConfigurationList = B3585EC92C706604007D20D7 /* Build configuration list for PBXProject "collectionPractice" */;
			compatibilityVersion = "Xcode 14.0";
			developmentRegion = en;
			hasScannedForEncodings = 0;
			knownRegions = (
				en,
				Base,
			);
			mainGroup = B3585EC52C706604007D20D7;
			productRefGroup = B3585ECF2C706604007D20D7 /* Products */;
			projectDirPath = "";
			projectRoot = "";
			targets = (
				B3585ECD2C706604007D20D7 /* collectionPractice */,
			);
		};
/* End PBXProject section */

/* Begin PBXResourcesBuildPhase section */
		B3585ECC2C706604007D20D7 /* Resources */ = {
			isa = PBXResourcesBuildPhase;
			buildActionMask = 2147483647;
			files = (
				B3585EDE2C706604007D20D7 /* LaunchScreen.storyboard in Resources */,
				B3585EDB2C706604007D20D7 /* Assets.xcassets in Resources */,
				B3585ED92C706604007D20D7 /* Main.storyboard in Resources */,
				B3585EEB2C7067DC007D20D7 /* GridCell.xib in Resources */,
			);
			runOnlyForDeploymentPostprocessing = 0;
		};
/* End PBXResourcesBuildPhase section */

/* Begin PBXSourcesBuildPhase section */
		B3585ECA2C706604007D20D7 /* Sources */ = {
			isa = PBXSourcesBuildPhase;
			buildActionMask = 2147483647;
			files = (
				B3585ED62C706604007D20D7 /* ViewController.swift in Sources */,
				B3585ED22C706604007D20D7 /* AppDelegate.swift in Sources */,
				B3585ED42C706604007D20D7 /* SceneDelegate.swift in Sources */,
				B3585EEA2C7067DC007D20D7 /* GridCell.swift in Sources */,
			);
			runOnlyForDeploymentPostprocessing = 0;
		};
/* End PBXSourcesBuildPhase section */

/* Begin PBXVariantGroup section */
		B3585ED72C706604007D20D7 /* Main.storyboard */ = {
			isa = PBXVariantGroup;
			children = (
				B3585ED82C706604007D20D7 /* Base */,
			);
			name = Main.storyboard;
			sourceTree = "<group>";
		};
		B3585EDC2C706604007D20D7 /* LaunchScreen.storyboard */ = {
			isa = PBXVariantGroup;
			children = (
				B3585EDD2C706604007D20D7 /* Base */,
			);
			name = LaunchScreen.storyboard;
			sourceTree = "<group>";
		};
/* End PBXVariantGroup section */

/* Begin XCBuildConfiguration section */
		B3585EE02C706604007D20D7 /* Debug */ = {
			isa = XCBuildConfiguration;
			buildSettings = {
				ALWAYS_SEARCH_USER_PATHS = NO;
				CLANG_ANALYZER_NONNULL = YES;
				CLANG_ANALYZER_NUMBER_OBJECT_CONVERSION = YES_AGGRESSIVE;
				CLANG_CXX_LANGUAGE_STANDARD = "gnu++20";
				CLANG_ENABLE_MODULES = YES;
				CLANG_ENABLE_OBJC_ARC = YES;
				CLANG_ENABLE_OBJC_WEAK = YES;
				CLANG_WARN_BLOCK_CAPTURE_AUTORELEASING = YES;
				CLANG_WARN_BOOL_CONVERSION = YES;
				CLANG_WARN_COMMA = YES;
				CLANG_WARN_CONSTANT_CONVERSION = YES;
				CLANG_WARN_DEPRECATED_OBJC_IMPLEMENTATIONS = YES;
				CLANG_WARN_DIRECT_OBJC_ISA_USAGE = YES_ERROR;
				CLANG_WARN_DOCUMENTATION_COMMENTS = YES;
				CLANG_WARN_EMPTY_BODY = YES;
				CLANG_WARN_ENUM_CONVERSION = YES;
				CLANG_WARN_INFINITE_RECURSION = YES;
				CLANG_WARN_INT_CONVERSION = YES;
				CLANG_WARN_NON_LITERAL_NULL_CONVERSION = YES;
				CLANG_WARN_OBJC_IMPLICIT_RETAIN_SELF = YES;
				CLANG_WARN_OBJC_LITERAL_CONVERSION = YES;
				CLANG_WARN_OBJC_ROOT_CLASS = YES_ERROR;
				CLANG_WARN_QUOTED_INCLUDE_IN_FRAMEWORK_HEADER = YES;
				CLANG_WARN_RANGE_LOOP_ANALYSIS = YES;
				CLANG_WARN_STRICT_PROTOTYPES = YES;
				CLANG_WARN_SUSPICIOUS_MOVE = YES;
				CLANG_WARN_UNGUARDED_AVAILABILITY = YES_AGGRESSIVE;
				CLANG_WARN_UNREACHABLE_CODE = YES;
				CLANG_WARN__DUPLICATE_METHOD_MATCH = YES;
				COPY_PHASE_STRIP = NO;
				DEBUG_INFORMATION_FORMAT = dwarf;
				ENABLE_STRICT_OBJC_MSGSEND = YES;
				ENABLE_TESTABILITY = YES;
				GCC_C_LANGUAGE_STANDARD = gnu11;
				GCC_DYNAMIC_NO_PIC = NO;
				GCC_NO_COMMON_BLOCKS = YES;
				GCC_OPTIMIZATION_LEVEL = 0;
				GCC_PREPROCESSOR_DEFINITIONS = (
					"DEBUG=1",
					"$(inherited)",
				);
				GCC_WARN_64_TO_32_BIT_CONVERSION = YES;
				GCC_WARN_ABOUT_RETURN_TYPE = YES_ERROR;
				GCC_WARN_UNDECLARED_SELECTOR = YES;
				GCC_WARN_UNINITIALIZED_AUTOS = YES_AGGRESSIVE;
				GCC_WARN_UNUSED_FUNCTION = YES;
				GCC_WARN_UNUSED_VARIABLE = YES;
				IPHONEOS_DEPLOYMENT_TARGET = 16.0;
				MTL_ENABLE_DEBUG_INFO = INCLUDE_SOURCE;
				MTL_FAST_MATH = YES;
				ONLY_ACTIVE_ARCH = YES;
				SDKROOT = iphoneos;
				SWIFT_ACTIVE_COMPILATION_CONDITIONS = DEBUG;
				SWIFT_OPTIMIZATION_LEVEL = "-Onone";
			};
			name = Debug;
		};
		B3585EE12C706604007D20D7 /* Release */ = {
			isa = XCBuildConfiguration;
			buildSettings = {
				ALWAYS_SEARCH_USER_PATHS = NO;
				CLANG_ANALYZER_NONNULL = YES;
				CLANG_ANALYZER_NUMBER_OBJECT_CONVERSION = YES_AGGRESSIVE;
				CLANG_CXX_LANGUAGE_STANDARD = "gnu++20";
				CLANG_ENABLE_MODULES = YES;
				CLANG_ENABLE_OBJC_ARC = YES;
				CLANG_ENABLE_OBJC_WEAK = YES;
				CLANG_WARN_BLOCK_CAPTURE_AUTORELEASING = YES;
				CLANG_WARN_BOOL_CONVERSION = YES;
				CLANG_WARN_COMMA = YES;
				CLANG_WARN_CONSTANT_CONVERSION = YES;
				CLANG_WARN_DEPRECATED_OBJC_IMPLEMENTATIONS = YES;
				CLANG_WARN_DIRECT_OBJC_ISA_USAGE = YES_ERROR;
				CLANG_WARN_DOCUMENTATION_COMMENTS = YES;
				CLANG_WARN_EMPTY_BODY = YES;
				CLANG_WARN_ENUM_CONVERSION = YES;
				CLANG_WARN_INFINITE_RECURSION = YES;
				CLANG_WARN_INT_CONVERSION = YES;
				CLANG_WARN_NON_LITERAL_NULL_CONVERSION = YES;
				CLANG_WARN_OBJC_IMPLICIT_RETAIN_SELF = YES;
				CLANG_WARN_OBJC_LITERAL_CONVERSION = YES;
				CLANG_WARN_OBJC_ROOT_CLASS = YES_ERROR;
				CLANG_WARN_QUOTED_INCLUDE_IN_FRAMEWORK_HEADER = YES;
				CLANG_WARN_RANGE_LOOP_ANALYSIS = YES;
				CLANG_WARN_STRICT_PROTOTYPES = YES;
				CLANG_WARN_SUSPICIOUS_MOVE = YES;
				CLANG_WARN_UNGUARDED_AVAILABILITY = YES_AGGRESSIVE;
				CLANG_WARN_UNREACHABLE_CODE = YES;
				CLANG_WARN__DUPLICATE_METHOD_MATCH = YES;
				COPY_PHASE_STRIP = NO;
				DEBUG_INFORMATION_FORMAT = "dwarf-with-dsym";
				ENABLE_NS_ASSERTIONS = NO;
				ENABLE_STRICT_OBJC_MSGSEND = YES;
				GCC_C_LANGUAGE_STANDARD = gnu11;
				GCC_NO_COMMON_BLOCKS = YES;
				GCC_WARN_64_TO_32_BIT_CONVERSION = YES;
				GCC_WARN_ABOUT_RETURN_TYPE = YES_ERROR;
				GCC_WARN_UNDECLARED_SELECTOR = YES;
				GCC_WARN_UNINITIALIZED_AUTOS = YES_AGGRESSIVE;
				GCC_WARN_UNUSED_FUNCTION = YES;
				GCC_WARN_UNUSED_VARIABLE = YES;
				IPHONEOS_DEPLOYMENT_TARGET = 16.0;
				MTL_ENABLE_DEBUG_INFO = NO;
				MTL_FAST_MATH = YES;
				SDKROOT = iphoneos;
				SWIFT_COMPILATION_MODE = wholemodule;
				SWIFT_OPTIMIZATION_LEVEL = "-O";
				VALIDATE_PRODUCT = YES;
			};
			name = Release;
		};
		B3585EE32C706604007D20D7 /* Debug */ = {
			isa = XCBuildConfiguration;
			buildSettings = {
				ASSETCATALOG_COMPILER_APPICON_NAME = AppIcon;
				ASSETCATALOG_COMPILER_GLOBAL_ACCENT_COLOR_NAME = AccentColor;
				CODE_SIGN_STYLE = Automatic;
				CURRENT_PROJECT_VERSION = 1;
				GENERATE_INFOPLIST_FILE = YES;
				INFOPLIST_FILE = collectionPractice/Info.plist;
				INFOPLIST_KEY_UIApplicationSupportsIndirectInputEvents = YES;
				INFOPLIST_KEY_UILaunchStoryboardName = LaunchScreen;
				INFOPLIST_KEY_UIMainStoryboardFile = Main;
				INFOPLIST_KEY_UISupportedInterfaceOrientations_iPad = "UIInterfaceOrientationPortrait UIInterfaceOrientationPortraitUpsideDown UIInterfaceOrientationLandscapeLeft UIInterfaceOrientationLandscapeRight";
				INFOPLIST_KEY_UISupportedInterfaceOrientations_iPhone = "UIInterfaceOrientationPortrait UIInterfaceOrientationLandscapeLeft UIInterfaceOrientationLandscapeRight";
				IPHONEOS_DEPLOYMENT_TARGET = 14.0;
				LD_RUNPATH_SEARCH_PATHS = (
					"$(inherited)",
					"@executable_path/Frameworks",
				);
				MARKETING_VERSION = 1.0;
				PRODUCT_BUNDLE_IDENTIFIER = com.example.collectionPractice;
				PRODUCT_NAME = "$(TARGET_NAME)";
				SWIFT_EMIT_LOC_STRINGS = YES;
				SWIFT_VERSION = 5.0;
				TARGETED_DEVICE_FAMILY = "1,2";
			};
			name = Debug;
		};
		B3585EE42C706604007D20D7 /* Release */ = {
			isa = XCBuildConfiguration;
			buildSettings = {
				ASSETCATALOG_COMPILER_APPICON_NAME = AppIcon;
				ASSETCATALOG_COMPILER_GLOBAL_ACCENT_COLOR_NAME = AccentColor;
				CODE_SIGN_STYLE = Automatic;
				CURRENT_PROJECT_VERSION = 1;
				GENERATE_INFOPLIST_FILE = YES;
				INFOPLIST_FILE = collectionPractice/Info.plist;
				INFOPLIST_KEY_UIApplicationSupportsIndirectInputEvents = YES;
				INFOPLIST_KEY_UILaunchStoryboardName = LaunchScreen;
				INFOPLIST_KEY_UIMainStoryboardFile = Main;
				INFOPLIST_KEY_UISupportedInterfaceOrientations_iPad = "UIInterfaceOrientationPortrait UIInterfaceOrientationPortraitUpsideDown UIInterfaceOrientationLandscapeLeft UIInterfaceOrientationLandscapeRight";
				INFOPLIST_KEY_UISupportedInterfaceOrientations_iPhone = "UIInterfaceOrientationPortrait UIInterfaceOrientationLandscapeLeft UIInterfaceOrientationLandscapeRight";
				IPHONEOS_DEPLOYMENT_TARGET = 14.0;
				LD_RUNPATH_SEARCH_PATHS = (
					"$(inherited)",
					"@executable_path/Frameworks",
				);
				MARKETING_VERSION = 1.0;
				PRODUCT_BUNDLE_IDENTIFIER = com.example.collectionPractice;
				PRODUCT_NAME = "$(TARGET_NAME)";
				SWIFT_EMIT_LOC_STRINGS = YES;
				SWIFT_VERSION = 5.0;
				TARGETED_DEVICE_FAMILY = "1,2";
			};
			name = Release;
		};
/* End XCBuildConfiguration section */

/* Begin XCConfigurationList section */
		B3585EC92C706604007D20D7 /* Build configuration list for PBXProject "collectionPractice" */ = {
			isa = XCConfigurationList;
			buildConfigurations = (
				B3585EE02C706604007D20D7 /* Debug */,
				B3585EE12C706604007D20D7 /* Release */,
			);
			defaultConfigurationIsVisible = 0;
			defaultConfigurationName = Release;
		};
		B3585EE22C706604007D20D7 /* Build configuration list for PBXNativeTarget "collectionPractice" */ = {
			isa = XCConfigurationList;
			buildConfigurations = (
				B3585EE32C706604007D20D7 /* Debug */,
				B3585EE42C706604007D20D7 /* Release */,
			);
			defaultConfigurationIsVisible = 0;
			defaultConfigurationName = Release;
		};
/* End XCConfigurationList section */
	};
	rootObject = B3585EC62C706604007D20D7 /* Project object */;
}
