// !$*UTF8*$!
{
	archiveVersion = 1;
	classes = {
	};
	objectVersion = 56;
	objects = {

/* Begin PBXBuildFile section */
		B351319B2C5CB8A100FC6A20 /* cont.swift in Sources */ = {isa = PBXBuildFile; fileRef = B351319A2C5CB8A100FC6A20 /* cont.swift */; };
		B3B5B3142C5CA9FD00B04BCA /* DetailVC.swift in Sources */ = {isa = PBXBuildFile; fileRef = B3B5B3132C5CA9FD00B04BCA /* DetailVC.swift */; };
		B3CBBCEF2C5B534C00E14B0F /* AppDelegate.swift in Sources */ = {isa = PBXBuildFile; fileRef = B3CBBCEE2C5B534C00E14B0F /* AppDelegate.swift */; };
		B3CBBCF12C5B534C00E14B0F /* SceneDelegate.swift in Sources */ = {isa = PBXBuildFile; fileRef = B3CBBCF02C5B534C00E14B0F /* SceneDelegate.swift */; };
		B3CBBCF32C5B534C00E14B0F /* ViewController.swift in Sources */ = {isa = PBXBuildFile; fileRef = B3CBBCF22C5B534C00E14B0F /* ViewController.swift */; };
		B3CBBCF62C5B534C00E14B0F /* Main.storyboard in Resources */ = {isa = PBXBuildFile; fileRef = B3CBBCF42C5B534C00E14B0F /* Main.storyboard */; };
		B3CBBCF82C5B534E00E14B0F /* Assets.xcassets in Resources */ = {isa = PBXBuildFile; fileRef = B3CBBCF72C5B534E00E14B0F /* Assets.xcassets */; };
		B3CBBCFB2C5B534E00E14B0F /* LaunchScreen.storyboard in Resources */ = {isa = PBXBuildFile; fileRef = B3CBBCF92C5B534E00E14B0F /* LaunchScreen.storyboard */; };
/* End PBXBuildFile section */

/* Begin PBXFileReference section */
		B351319A2C5CB8A100FC6A20 /* cont.swift */ = {isa = PBXFileReference; lastKnownFileType = sourcecode.swift; path = cont.swift; sourceTree = "<group>"; };
		B3B5B3132C5CA9FD00B04BCA /* DetailVC.swift */ = {isa = PBXFileReference; lastKnownFileType = sourcecode.swift; path = DetailVC.swift; sourceTree = "<group>"; };
		B3CBBCEB2C5B534C00E14B0F /* first_project.app */ = {isa = PBXFileReference; explicitFileType = wrapper.application; includeInIndex = 0; path = first_project.app; sourceTree = BUILT_PRODUCTS_DIR; };
		B3CBBCEE2C5B534C00E14B0F /* AppDelegate.swift */ = {isa = PBXFileReference; lastKnownFileType = sourcecode.swift; path = AppDelegate.swift; sourceTree = "<group>"; };
		B3CBBCF02C5B534C00E14B0F /* SceneDelegate.swift */ = {isa = PBXFileReference; lastKnownFileType = sourcecode.swift; path = SceneDelegate.swift; sourceTree = "<group>"; };
		B3CBBCF22C5B534C00E14B0F /* ViewController.swift */ = {isa = PBXFileReference; lastKnownFileType = sourcecode.swift; path = ViewController.swift; sourceTree = "<group>"; };
		B3CBBCF52C5B534C00E14B0F /* Base */ = {isa = PBXFileReference; lastKnownFileType = file.storyboard; name = Base; path = Base.lproj/Main.storyboard; sourceTree = "<group>"; };
		B3CBBCF72C5B534E00E14B0F /* Assets.xcassets */ = {isa = PBXFileReference; lastKnownFileType = folder.assetcatalog; path = Assets.xcassets; sourceTree = "<group>"; };
		B3CBBCFA2C5B534E00E14B0F /* Base */ = {isa = PBXFileReference; lastKnownFileType = file.storyboard; name = Base; path = Base.lproj/LaunchScreen.storyboard; sourceTree = "<group>"; };
		B3CBBCFC2C5B534E00E14B0F /* Info.plist */ = {isa = PBXFileReference; lastKnownFileType = text.plist.xml; path = Info.plist; sourceTree = "<group>"; };
/* End PBXFileReference section */

/* Begin PBXFrameworksBuildPhase section */
		B3CBBCE82C5B534C00E14B0F /* Frameworks */ = {
			isa = PBXFrameworksBuildPhase;
			buildActionMask = 2147483647;
			files = (
			);
			runOnlyForDeploymentPostprocessing = 0;
		};
/* End PBXFrameworksBuildPhase section */

/* Begin PBXGroup section */
		B3CBBCE22C5B534C00E14B0F = {
			isa = PBXGroup;
			children = (
				B3CBBCED2C5B534C00E14B0F /* first_project */,
				B3CBBCEC2C5B534C00E14B0F /* Products */,
			);
			sourceTree = "<group>";
		};
		B3CBBCEC2C5B534C00E14B0F /* Products */ = {
			isa = PBXGroup;
			children = (
				B3CBBCEB2C5B534C00E14B0F /* first_project.app */,
			);
			name = Products;
			sourceTree = "<group>";
		};
		B3CBBCED2C5B534C00E14B0F /* first_project */ = {
			isa = PBXGroup;
			children = (
				B3CBBD042C5B5D5F00E14B0F /* Controlller */,
				B3CBBD032C5B5D1300E14B0F /* View */,
				B3CBBD022C5B5BDA00E14B0F /* Model */,
				B3CBBCEE2C5B534C00E14B0F /* AppDelegate.swift */,
				B3CBBCF02C5B534C00E14B0F /* SceneDelegate.swift */,
				B3CBBCF72C5B534E00E14B0F /* Assets.xcassets */,
				B3CBBCF92C5B534E00E14B0F /* LaunchScreen.storyboard */,
				B3CBBCFC2C5B534E00E14B0F /* Info.plist */,
			);
			path = first_project;
			sourceTree = "<group>";
		};
		B3CBBD022C5B5BDA00E14B0F /* Model */ = {
			isa = PBXGroup;
			children = (
			);
			path = Model;
			sourceTree = "<group>";
		};
		B3CBBD032C5B5D1300E14B0F /* View */ = {
			isa = PBXGroup;
			children = (
				B3CBBCF42C5B534C00E14B0F /* Main.storyboard */,
			);
			path = View;
			sourceTree = "<group>";
		};
		B3CBBD042C5B5D5F00E14B0F /* Controlller */ = {
			isa = PBXGroup;
			children = (
				B3CBBCF22C5B534C00E14B0F /* ViewController.swift */,
				B3B5B3132C5CA9FD00B04BCA /* DetailVC.swift */,
				B351319A2C5CB8A100FC6A20 /* cont.swift */,
			);
			path = Controlller;
			sourceTree = "<group>";
		};
/* End PBXGroup section */

/* Begin PBXNativeTarget section */
		B3CBBCEA2C5B534C00E14B0F /* first_project */ = {
			isa = PBXNativeTarget;
			buildConfigurationList = B3CBBCFF2C5B534E00E14B0F /* Build configuration list for PBXNativeTarget "first_project" */;
			buildPhases = (
				B3CBBCE72C5B534C00E14B0F /* Sources */,
				B3CBBCE82C5B534C00E14B0F /* Frameworks */,
				B3CBBCE92C5B534C00E14B0F /* Resources */,
			);
			buildRules = (
			);
			dependencies = (
			);
			name = first_project;
			productName = first_project;
			productReference = B3CBBCEB2C5B534C00E14B0F /* first_project.app */;
			productType = "com.apple.product-type.application";
		};
/* End PBXNativeTarget section */

/* Begin PBXProject section */
		B3CBBCE32C5B534C00E14B0F /* Project object */ = {
			isa = PBXProject;
			attributes = {
				BuildIndependentTargetsInParallel = 1;
				LastSwiftUpdateCheck = 1400;
				LastUpgradeCheck = 1400;
				TargetAttributes = {
					B3CBBCEA2C5B534C00E14B0F = {
						CreatedOnToolsVersion = 14.0;
					};
				};
			};
			buildConfigurationList = B3CBBCE62C5B534C00E14B0F /* Build configuration list for PBXProject "first_project" */;
			compatibilityVersion = "Xcode 14.0";
			developmentRegion = en;
			hasScannedForEncodings = 0;
			knownRegions = (
				en,
				Base,
			);
			mainGroup = B3CBBCE22C5B534C00E14B0F;
			productRefGroup = B3CBBCEC2C5B534C00E14B0F /* Products */;
			projectDirPath = "";
			projectRoot = "";
			targets = (
				B3CBBCEA2C5B534C00E14B0F /* first_project */,
			);
		};
/* End PBXProject section */

/* Begin PBXResourcesBuildPhase section */
		B3CBBCE92C5B534C00E14B0F /* Resources */ = {
			isa = PBXResourcesBuildPhase;
			buildActionMask = 2147483647;
			files = (
				B3CBBCFB2C5B534E00E14B0F /* LaunchScreen.storyboard in Resources */,
				B3CBBCF82C5B534E00E14B0F /* Assets.xcassets in Resources */,
				B3CBBCF62C5B534C00E14B0F /* Main.storyboard in Resources */,
			);
			runOnlyForDeploymentPostprocessing = 0;
		};
/* End PBXResourcesBuildPhase section */

/* Begin PBXSourcesBuildPhase section */
		B3CBBCE72C5B534C00E14B0F /* Sources */ = {
			isa = PBXSourcesBuildPhase;
			buildActionMask = 2147483647;
			files = (
				B3CBBCF32C5B534C00E14B0F /* ViewController.swift in Sources */,
				B3B5B3142C5CA9FD00B04BCA /* DetailVC.swift in Sources */,
				B3CBBCEF2C5B534C00E14B0F /* AppDelegate.swift in Sources */,
				B3CBBCF12C5B534C00E14B0F /* SceneDelegate.swift in Sources */,
				B351319B2C5CB8A100FC6A20 /* cont.swift in Sources */,
			);
			runOnlyForDeploymentPostprocessing = 0;
		};
/* End PBXSourcesBuildPhase section */

/* Begin PBXVariantGroup section */
		B3CBBCF42C5B534C00E14B0F /* Main.storyboard */ = {
			isa = PBXVariantGroup;
			children = (
				B3CBBCF52C5B534C00E14B0F /* Base */,
			);
			name = Main.storyboard;
			sourceTree = "<group>";
		};
		B3CBBCF92C5B534E00E14B0F /* LaunchScreen.storyboard */ = {
			isa = PBXVariantGroup;
			children = (
				B3CBBCFA2C5B534E00E14B0F /* Base */,
			);
			name = LaunchScreen.storyboard;
			sourceTree = "<group>";
		};
/* End PBXVariantGroup section */

/* Begin XCBuildConfiguration section */
		B3CBBCFD2C5B534E00E14B0F /* Debug */ = {
			isa = XCBuildConfiguration;
			buildSettings = {
				ALWAYS_SEARCH_USER_PATHS = NO;
				CLANG_ANALYZER_NONNULL = YES;
				CLANG_ANALYZER_NUMBER_OBJECT_CONVERSION = YES_AGGRESSIVE;
				CLANG_CXX_LANGUAGE_STANDARD = "gnu++20";
				CLANG_ENABLE_MODULES = YES;
				CLANG_ENABLE_OBJC_ARC = YES;
				CLANG_ENABLE_OBJC_WEAK = YES;
				CLANG_WARN_BLOCK_CAPTURE_AUTORELEASING = YES;
				CLANG_WARN_BOOL_CONVERSION = YES;
				CLANG_WARN_COMMA = YES;
				CLANG_WARN_CONSTANT_CONVERSION = YES;
				CLANG_WARN_DEPRECATED_OBJC_IMPLEMENTATIONS = YES;
				CLANG_WARN_DIRECT_OBJC_ISA_USAGE = YES_ERROR;
				CLANG_WARN_DOCUMENTATION_COMMENTS = YES;
				CLANG_WARN_EMPTY_BODY = YES;
				CLANG_WARN_ENUM_CONVERSION = YES;
				CLANG_WARN_INFINITE_RECURSION = YES;
				CLANG_WARN_INT_CONVERSION = YES;
				CLANG_WARN_NON_LITERAL_NULL_CONVERSION = YES;
				CLANG_WARN_OBJC_IMPLICIT_RETAIN_SELF = YES;
				CLANG_WARN_OBJC_LITERAL_CONVERSION = YES;
				CLANG_WARN_OBJC_ROOT_CLASS = YES_ERROR;
				CLANG_WARN_QUOTED_INCLUDE_IN_FRAMEWORK_HEADER = YES;
				CLANG_WARN_RANGE_LOOP_ANALYSIS = YES;
				CLANG_WARN_STRICT_PROTOTYPES = YES;
				CLANG_WARN_SUSPICIOUS_MOVE = YES;
				CLANG_WARN_UNGUARDED_AVAILABILITY = YES_AGGRESSIVE;
				CLANG_WARN_UNREACHABLE_CODE = YES;
				CLANG_WARN__DUPLICATE_METHOD_MATCH = YES;
				COPY_PHASE_STRIP = NO;
				DEBUG_INFORMATION_FORMAT = dwarf;
				ENABLE_STRICT_OBJC_MSGSEND = YES;
				ENABLE_TESTABILITY = YES;
				GCC_C_LANGUAGE_STANDARD = gnu11;
				GCC_DYNAMIC_NO_PIC = NO;
				GCC_NO_COMMON_BLOCKS = YES;
				GCC_OPTIMIZATION_LEVEL = 0;
				GCC_PREPROCESSOR_DEFINITIONS = (
					"DEBUG=1",
					"$(inherited)",
				);
				GCC_WARN_64_TO_32_BIT_CONVERSION = YES;
				GCC_WARN_ABOUT_RETURN_TYPE = YES_ERROR;
				GCC_WARN_UNDECLARED_SELECTOR = YES;
				GCC_WARN_UNINITIALIZED_AUTOS = YES_AGGRESSIVE;
				GCC_WARN_UNUSED_FUNCTION = YES;
				GCC_WARN_UNUSED_VARIABLE = YES;
				IPHONEOS_DEPLOYMENT_TARGET = 16.0;
				MTL_ENABLE_DEBUG_INFO = INCLUDE_SOURCE;
				MTL_FAST_MATH = YES;
				ONLY_ACTIVE_ARCH = YES;
				SDKROOT = iphoneos;
				SWIFT_ACTIVE_COMPILATION_CONDITIONS = DEBUG;
				SWIFT_OPTIMIZATION_LEVEL = "-Onone";
			};
			name = Debug;
		};
		B3CBBCFE2C5B534E00E14B0F /* Release */ = {
			isa = XCBuildConfiguration;
			buildSettings = {
				ALWAYS_SEARCH_USER_PATHS = NO;
				CLANG_ANALYZER_NONNULL = YES;
				CLANG_ANALYZER_NUMBER_OBJECT_CONVERSION = YES_AGGRESSIVE;
				CLANG_CXX_LANGUAGE_STANDARD = "gnu++20";
				CLANG_ENABLE_MODULES = YES;
				CLANG_ENABLE_OBJC_ARC = YES;
				CLANG_ENABLE_OBJC_WEAK = YES;
				CLANG_WARN_BLOCK_CAPTURE_AUTORELEASING = YES;
				CLANG_WARN_BOOL_CONVERSION = YES;
				CLANG_WARN_COMMA = YES;
				CLANG_WARN_CONSTANT_CONVERSION = YES;
				CLANG_WARN_DEPRECATED_OBJC_IMPLEMENTATIONS = YES;
				CLANG_WARN_DIRECT_OBJC_ISA_USAGE = YES_ERROR;
				CLANG_WARN_DOCUMENTATION_COMMENTS = YES;
				CLANG_WARN_EMPTY_BODY = YES;
				CLANG_WARN_ENUM_CONVERSION = YES;
				CLANG_WARN_INFINITE_RECURSION = YES;
				CLANG_WARN_INT_CONVERSION = YES;
				CLANG_WARN_NON_LITERAL_NULL_CONVERSION = YES;
				CLANG_WARN_OBJC_IMPLICIT_RETAIN_SELF = YES;
				CLANG_WARN_OBJC_LITERAL_CONVERSION = YES;
				CLANG_WARN_OBJC_ROOT_CLASS = YES_ERROR;
				CLANG_WARN_QUOTED_INCLUDE_IN_FRAMEWORK_HEADER = YES;
				CLANG_WARN_RANGE_LOOP_ANALYSIS = YES;
				CLANG_WARN_STRICT_PROTOTYPES = YES;
				CLANG_WARN_SUSPICIOUS_MOVE = YES;
				CLANG_WARN_UNGUARDED_AVAILABILITY = YES_AGGRESSIVE;
				CLANG_WARN_UNREACHABLE_CODE = YES;
				CLANG_WARN__DUPLICATE_METHOD_MATCH = YES;
				COPY_PHASE_STRIP = NO;
				DEBUG_INFORMATION_FORMAT = "dwarf-with-dsym";
				ENABLE_NS_ASSERTIONS = NO;
				ENABLE_STRICT_OBJC_MSGSEND = YES;
				GCC_C_LANGUAGE_STANDARD = gnu11;
				GCC_NO_COMMON_BLOCKS = YES;
				GCC_WARN_64_TO_32_BIT_CONVERSION = YES;
				GCC_WARN_ABOUT_RETURN_TYPE = YES_ERROR;
				GCC_WARN_UNDECLARED_SELECTOR = YES;
				GCC_WARN_UNINITIALIZED_AUTOS = YES_AGGRESSIVE;
				GCC_WARN_UNUSED_FUNCTION = YES;
				GCC_WARN_UNUSED_VARIABLE = YES;
				IPHONEOS_DEPLOYMENT_TARGET = 16.0;
				MTL_ENABLE_DEBUG_INFO = NO;
				MTL_FAST_MATH = YES;
				SDKROOT = iphoneos;
				SWIFT_COMPILATION_MODE = wholemodule;
				SWIFT_OPTIMIZATION_LEVEL = "-O";
				VALIDATE_PRODUCT = YES;
			};
			name = Release;
		};
		B3CBBD002C5B534E00E14B0F /* Debug */ = {
			isa = XCBuildConfiguration;
			buildSettings = {
				ASSETCATALOG_COMPILER_APPICON_NAME = AppIcon;
				ASSETCATALOG_COMPILER_GLOBAL_ACCENT_COLOR_NAME = AccentColor;
				CODE_SIGN_STYLE = Automatic;
				CURRENT_PROJECT_VERSION = 1;
				GENERATE_INFOPLIST_FILE = YES;
				INFOPLIST_FILE = first_project/Info.plist;
				INFOPLIST_KEY_UIApplicationSupportsIndirectInputEvents = YES;
				INFOPLIST_KEY_UILaunchStoryboardName = LaunchScreen;
				INFOPLIST_KEY_UIMainStoryboardFile = Main;
				INFOPLIST_KEY_UISupportedInterfaceOrientations_iPad = "UIInterfaceOrientationPortrait UIInterfaceOrientationPortraitUpsideDown UIInterfaceOrientationLandscapeLeft UIInterfaceOrientationLandscapeRight";
				INFOPLIST_KEY_UISupportedInterfaceOrientations_iPhone = "UIInterfaceOrientationPortrait UIInterfaceOrientationLandscapeLeft UIInterfaceOrientationLandscapeRight";
				IPHONEOS_DEPLOYMENT_TARGET = 14.0;
				LD_RUNPATH_SEARCH_PATHS = (
					"$(inherited)",
					"@executable_path/Frameworks",
				);
				MARKETING_VERSION = 1.0;
				PRODUCT_BUNDLE_IDENTIFIER = "com.example.first-project";
				PRODUCT_NAME = "$(TARGET_NAME)";
				SWIFT_EMIT_LOC_STRINGS = YES;
				SWIFT_VERSION = 5.0;
				TARGETED_DEVICE_FAMILY = "1,2";
			};
			name = Debug;
		};
		B3CBBD012C5B534E00E14B0F /* Release */ = {
			isa = XCBuildConfiguration;
			buildSettings = {
				ASSETCATALOG_COMPILER_APPICON_NAME = AppIcon;
				ASSETCATALOG_COMPILER_GLOBAL_ACCENT_COLOR_NAME = AccentColor;
				CODE_SIGN_STYLE = Automatic;
				CURRENT_PROJECT_VERSION = 1;
				GENERATE_INFOPLIST_FILE = YES;
				INFOPLIST_FILE = first_project/Info.plist;
				INFOPLIST_KEY_UIApplicationSupportsIndirectInputEvents = YES;
				INFOPLIST_KEY_UILaunchStoryboardName = LaunchScreen;
				INFOPLIST_KEY_UIMainStoryboardFile = Main;
				INFOPLIST_KEY_UISupportedInterfaceOrientations_iPad = "UIInterfaceOrientationPortrait UIInterfaceOrientationPortraitUpsideDown UIInterfaceOrientationLandscapeLeft UIInterfaceOrientationLandscapeRight";
				INFOPLIST_KEY_UISupportedInterfaceOrientations_iPhone = "UIInterfaceOrientationPortrait UIInterfaceOrientationLandscapeLeft UIInterfaceOrientationLandscapeRight";
				IPHONEOS_DEPLOYMENT_TARGET = 14.0;
				LD_RUNPATH_SEARCH_PATHS = (
					"$(inherited)",
					"@executable_path/Frameworks",
				);
				MARKETING_VERSION = 1.0;
				PRODUCT_BUNDLE_IDENTIFIER = "com.example.first-project";
				PRODUCT_NAME = "$(TARGET_NAME)";
				SWIFT_EMIT_LOC_STRINGS = YES;
				SWIFT_VERSION = 5.0;
				TARGETED_DEVICE_FAMILY = "1,2";
			};
			name = Release;
		};
/* End XCBuildConfiguration section */

/* Begin XCConfigurationList section */
		B3CBBCE62C5B534C00E14B0F /* Build configuration list for PBXProject "first_project" */ = {
			isa = XCConfigurationList;
			buildConfigurations = (
				B3CBBCFD2C5B534E00E14B0F /* Debug */,
				B3CBBCFE2C5B534E00E14B0F /* Release */,
			);
			defaultConfigurationIsVisible = 0;
			defaultConfigurationName = Release;
		};
		B3CBBCFF2C5B534E00E14B0F /* Build configuration list for PBXNativeTarget "first_project" */ = {
			isa = XCConfigurationList;
			buildConfigurations = (
				B3CBBD002C5B534E00E14B0F /* Debug */,
				B3CBBD012C5B534E00E14B0F /* Release */,
			);
			defaultConfigurationIsVisible = 0;
			defaultConfigurationName = Release;
		};
/* End XCConfigurationList section */
	};
	rootObject = B3CBBCE32C5B534C00E14B0F /* Project object */;
}
