// !$*UTF8*$!
{
	archiveVersion = 1;
	classes = {
	};
	objectVersion = 56;
	objects = {

/* Begin PBXBuildFile section */
		B3B6677A2C65D85E00EE1CDB /* AppDelegate.swift in Sources */ = {isa = PBXBuildFile; fileRef = B3B667792C65D85E00EE1CDB /* AppDelegate.swift */; };
		B3B6677C2C65D85E00EE1CDB /* SceneDelegate.swift in Sources */ = {isa = PBXBuildFile; fileRef = B3B6677B2C65D85E00EE1CDB /* SceneDelegate.swift */; };
		B3B6677E2C65D85E00EE1CDB /* ViewController.swift in Sources */ = {isa = PBXBuildFile; fileRef = B3B6677D2C65D85E00EE1CDB /* ViewController.swift */; };
		B3B667812C65D85E00EE1CDB /* Main.storyboard in Resources */ = {isa = PBXBuildFile; fileRef = B3B6677F2C65D85E00EE1CDB /* Main.storyboard */; };
		B3B667832C65D85F00EE1CDB /* Assets.xcassets in Resources */ = {isa = PBXBuildFile; fileRef = B3B667822C65D85F00EE1CDB /* Assets.xcassets */; };
		B3B667862C65D85F00EE1CDB /* LaunchScreen.storyboard in Resources */ = {isa = PBXBuildFile; fileRef = B3B667842C65D85F00EE1CDB /* LaunchScreen.storyboard */; };
		B3B667912C65DA4100EE1CDB /* TableViewCell.swift in Sources */ = {isa = PBXBuildFile; fileRef = B3B667902C65DA4100EE1CDB /* TableViewCell.swift */; };
		B3B667952C65DA9300EE1CDB /* tableVC.swift in Sources */ = {isa = PBXBuildFile; fileRef = B3B667942C65DA9300EE1CDB /* tableVC.swift */; };
/* End PBXBuildFile section */

/* Begin PBXFileReference section */
		B3B667762C65D85E00EE1CDB /* PracticeTable.app */ = {isa = PBXFileReference; explicitFileType = wrapper.application; includeInIndex = 0; path = PracticeTable.app; sourceTree = BUILT_PRODUCTS_DIR; };
		B3B667792C65D85E00EE1CDB /* AppDelegate.swift */ = {isa = PBXFileReference; lastKnownFileType = sourcecode.swift; path = AppDelegate.swift; sourceTree = "<group>"; };
		B3B6677B2C65D85E00EE1CDB /* SceneDelegate.swift */ = {isa = PBXFileReference; lastKnownFileType = sourcecode.swift; path = SceneDelegate.swift; sourceTree = "<group>"; };
		B3B6677D2C65D85E00EE1CDB /* ViewController.swift */ = {isa = PBXFileReference; lastKnownFileType = sourcecode.swift; path = ViewController.swift; sourceTree = "<group>"; };
		B3B667802C65D85E00EE1CDB /* Base */ = {isa = PBXFileReference; lastKnownFileType = file.storyboard; name = Base; path = Base.lproj/Main.storyboard; sourceTree = "<group>"; };
		B3B667822C65D85F00EE1CDB /* Assets.xcassets */ = {isa = PBXFileReference; lastKnownFileType = folder.assetcatalog; path = Assets.xcassets; sourceTree = "<group>"; };
		B3B667852C65D85F00EE1CDB /* Base */ = {isa = PBXFileReference; lastKnownFileType = file.storyboard; name = Base; path = Base.lproj/LaunchScreen.storyboard; sourceTree = "<group>"; };
		B3B667872C65D85F00EE1CDB /* Info.plist */ = {isa = PBXFileReference; lastKnownFileType = text.plist.xml; path = Info.plist; sourceTree = "<group>"; };
		B3B667902C65DA4100EE1CDB /* TableViewCell.swift */ = {isa = PBXFileReference; lastKnownFileType = sourcecode.swift; path = TableViewCell.swift; sourceTree = "<group>"; };
		B3B667942C65DA9300EE1CDB /* tableVC.swift */ = {isa = PBXFileReference; lastKnownFileType = sourcecode.swift; path = tableVC.swift; sourceTree = "<group>"; };
/* End PBXFileReference section */

/* Begin PBXFrameworksBuildPhase section */
		B3B667732C65D85E00EE1CDB /* Frameworks */ = {
			isa = PBXFrameworksBuildPhase;
			buildActionMask = 2147483647;
			files = (
			);
			runOnlyForDeploymentPostprocessing = 0;
		};
/* End PBXFrameworksBuildPhase section */

/* Begin PBXGroup section */
		B3B6676D2C65D85E00EE1CDB = {
			isa = PBXGroup;
			children = (
				B3B667782C65D85E00EE1CDB /* PracticeTable */,
				B3B667772C65D85E00EE1CDB /* Products */,
			);
			sourceTree = "<group>";
		};
		B3B667772C65D85E00EE1CDB /* Products */ = {
			isa = PBXGroup;
			children = (
				B3B667762C65D85E00EE1CDB /* PracticeTable.app */,
			);
			name = Products;
			sourceTree = "<group>";
		};
		B3B667782C65D85E00EE1CDB /* PracticeTable */ = {
			isa = PBXGroup;
			children = (
				B3B6678F2C65D89000EE1CDB /* Model */,
				B3B6678E2C65D88800EE1CDB /* View */,
				B3B6678D2C65D87700EE1CDB /* Controller */,
				B3B667792C65D85E00EE1CDB /* AppDelegate.swift */,
				B3B6677B2C65D85E00EE1CDB /* SceneDelegate.swift */,
				B3B667822C65D85F00EE1CDB /* Assets.xcassets */,
				B3B667842C65D85F00EE1CDB /* LaunchScreen.storyboard */,
				B3B667872C65D85F00EE1CDB /* Info.plist */,
			);
			path = PracticeTable;
			sourceTree = "<group>";
		};
		B3B6678D2C65D87700EE1CDB /* Controller */ = {
			isa = PBXGroup;
			children = (
				B3B6677D2C65D85E00EE1CDB /* ViewController.swift */,
				B3B667902C65DA4100EE1CDB /* TableViewCell.swift */,
				B3B667942C65DA9300EE1CDB /* tableVC.swift */,
			);
			path = Controller;
			sourceTree = "<group>";
		};
		B3B6678E2C65D88800EE1CDB /* View */ = {
			isa = PBXGroup;
			children = (
				B3B6677F2C65D85E00EE1CDB /* Main.storyboard */,
			);
			path = View;
			sourceTree = "<group>";
		};
		B3B6678F2C65D89000EE1CDB /* Model */ = {
			isa = PBXGroup;
			children = (
			);
			path = Model;
			sourceTree = "<group>";
		};
/* End PBXGroup section */

/* Begin PBXNativeTarget section */
		B3B667752C65D85E00EE1CDB /* PracticeTable */ = {
			isa = PBXNativeTarget;
			buildConfigurationList = B3B6678A2C65D85F00EE1CDB /* Build configuration list for PBXNativeTarget "PracticeTable" */;
			buildPhases = (
				B3B667722C65D85E00EE1CDB /* Sources */,
				B3B667732C65D85E00EE1CDB /* Frameworks */,
				B3B667742C65D85E00EE1CDB /* Resources */,
			);
			buildRules = (
			);
			dependencies = (
			);
			name = PracticeTable;
			productName = PracticeTable;
			productReference = B3B667762C65D85E00EE1CDB /* PracticeTable.app */;
			productType = "com.apple.product-type.application";
		};
/* End PBXNativeTarget section */

/* Begin PBXProject section */
		B3B6676E2C65D85E00EE1CDB /* Project object */ = {
			isa = PBXProject;
			attributes = {
				BuildIndependentTargetsInParallel = 1;
				LastSwiftUpdateCheck = 1400;
				LastUpgradeCheck = 1400;
				TargetAttributes = {
					B3B667752C65D85E00EE1CDB = {
						CreatedOnToolsVersion = 14.0;
					};
				};
			};
			buildConfigurationList = B3B667712C65D85E00EE1CDB /* Build configuration list for PBXProject "PracticeTable" */;
			compatibilityVersion = "Xcode 14.0";
			developmentRegion = en;
			hasScannedForEncodings = 0;
			knownRegions = (
				en,
				Base,
			);
			mainGroup = B3B6676D2C65D85E00EE1CDB;
			productRefGroup = B3B667772C65D85E00EE1CDB /* Products */;
			projectDirPath = "";
			projectRoot = "";
			targets = (
				B3B667752C65D85E00EE1CDB /* PracticeTable */,
			);
		};
/* End PBXProject section */

/* Begin PBXResourcesBuildPhase section */
		B3B667742C65D85E00EE1CDB /* Resources */ = {
			isa = PBXResourcesBuildPhase;
			buildActionMask = 2147483647;
			files = (
				B3B667862C65D85F00EE1CDB /* LaunchScreen.storyboard in Resources */,
				B3B667832C65D85F00EE1CDB /* Assets.xcassets in Resources */,
				B3B667812C65D85E00EE1CDB /* Main.storyboard in Resources */,
			);
			runOnlyForDeploymentPostprocessing = 0;
		};
/* End PBXResourcesBuildPhase section */

/* Begin PBXSourcesBuildPhase section */
		B3B667722C65D85E00EE1CDB /* Sources */ = {
			isa = PBXSourcesBuildPhase;
			buildActionMask = 2147483647;
			files = (
				B3B667952C65DA9300EE1CDB /* tableVC.swift in Sources */,
				B3B6677E2C65D85E00EE1CDB /* ViewController.swift in Sources */,
				B3B667912C65DA4100EE1CDB /* TableViewCell.swift in Sources */,
				B3B6677A2C65D85E00EE1CDB /* AppDelegate.swift in Sources */,
				B3B6677C2C65D85E00EE1CDB /* SceneDelegate.swift in Sources */,
			);
			runOnlyForDeploymentPostprocessing = 0;
		};
/* End PBXSourcesBuildPhase section */

/* Begin PBXVariantGroup section */
		B3B6677F2C65D85E00EE1CDB /* Main.storyboard */ = {
			isa = PBXVariantGroup;
			children = (
				B3B667802C65D85E00EE1CDB /* Base */,
			);
			name = Main.storyboard;
			sourceTree = "<group>";
		};
		B3B667842C65D85F00EE1CDB /* LaunchScreen.storyboard */ = {
			isa = PBXVariantGroup;
			children = (
				B3B667852C65D85F00EE1CDB /* Base */,
			);
			name = LaunchScreen.storyboard;
			sourceTree = "<group>";
		};
/* End PBXVariantGroup section */

/* Begin XCBuildConfiguration section */
		B3B667882C65D85F00EE1CDB /* Debug */ = {
			isa = XCBuildConfiguration;
			buildSettings = {
				ALWAYS_SEARCH_USER_PATHS = NO;
				CLANG_ANALYZER_NONNULL = YES;
				CLANG_ANALYZER_NUMBER_OBJECT_CONVERSION = YES_AGGRESSIVE;
				CLANG_CXX_LANGUAGE_STANDARD = "gnu++20";
				CLANG_ENABLE_MODULES = YES;
				CLANG_ENABLE_OBJC_ARC = YES;
				CLANG_ENABLE_OBJC_WEAK = YES;
				CLANG_WARN_BLOCK_CAPTURE_AUTORELEASING = YES;
				CLANG_WARN_BOOL_CONVERSION = YES;
				CLANG_WARN_COMMA = YES;
				CLANG_WARN_CONSTANT_CONVERSION = YES;
				CLANG_WARN_DEPRECATED_OBJC_IMPLEMENTATIONS = YES;
				CLANG_WARN_DIRECT_OBJC_ISA_USAGE = YES_ERROR;
				CLANG_WARN_DOCUMENTATION_COMMENTS = YES;
				CLANG_WARN_EMPTY_BODY = YES;
				CLANG_WARN_ENUM_CONVERSION = YES;
				CLANG_WARN_INFINITE_RECURSION = YES;
				CLANG_WARN_INT_CONVERSION = YES;
				CLANG_WARN_NON_LITERAL_NULL_CONVERSION = YES;
				CLANG_WARN_OBJC_IMPLICIT_RETAIN_SELF = YES;
				CLANG_WARN_OBJC_LITERAL_CONVERSION = YES;
				CLANG_WARN_OBJC_ROOT_CLASS = YES_ERROR;
				CLANG_WARN_QUOTED_INCLUDE_IN_FRAMEWORK_HEADER = YES;
				CLANG_WARN_RANGE_LOOP_ANALYSIS = YES;
				CLANG_WARN_STRICT_PROTOTYPES = YES;
				CLANG_WARN_SUSPICIOUS_MOVE = YES;
				CLANG_WARN_UNGUARDED_AVAILABILITY = YES_AGGRESSIVE;
				CLANG_WARN_UNREACHABLE_CODE = YES;
				CLANG_WARN__DUPLICATE_METHOD_MATCH = YES;
				COPY_PHASE_STRIP = NO;
				DEBUG_INFORMATION_FORMAT = dwarf;
				ENABLE_STRICT_OBJC_MSGSEND = YES;
				ENABLE_TESTABILITY = YES;
				GCC_C_LANGUAGE_STANDARD = gnu11;
				GCC_DYNAMIC_NO_PIC = NO;
				GCC_NO_COMMON_BLOCKS = YES;
				GCC_OPTIMIZATION_LEVEL = 0;
				GCC_PREPROCESSOR_DEFINITIONS = (
					"DEBUG=1",
					"$(inherited)",
				);
				GCC_WARN_64_TO_32_BIT_CONVERSION = YES;
				GCC_WARN_ABOUT_RETURN_TYPE = YES_ERROR;
				GCC_WARN_UNDECLARED_SELECTOR = YES;
				GCC_WARN_UNINITIALIZED_AUTOS = YES_AGGRESSIVE;
				GCC_WARN_UNUSED_FUNCTION = YES;
				GCC_WARN_UNUSED_VARIABLE = YES;
				IPHONEOS_DEPLOYMENT_TARGET = 16.0;
				MTL_ENABLE_DEBUG_INFO = INCLUDE_SOURCE;
				MTL_FAST_MATH = YES;
				ONLY_ACTIVE_ARCH = YES;
				SDKROOT = iphoneos;
				SWIFT_ACTIVE_COMPILATION_CONDITIONS = DEBUG;
				SWIFT_OPTIMIZATION_LEVEL = "-Onone";
			};
			name = Debug;
		};
		B3B667892C65D85F00EE1CDB /* Release */ = {
			isa = XCBuildConfiguration;
			buildSettings = {
				ALWAYS_SEARCH_USER_PATHS = NO;
				CLANG_ANALYZER_NONNULL = YES;
				CLANG_ANALYZER_NUMBER_OBJECT_CONVERSION = YES_AGGRESSIVE;
				CLANG_CXX_LANGUAGE_STANDARD = "gnu++20";
				CLANG_ENABLE_MODULES = YES;
				CLANG_ENABLE_OBJC_ARC = YES;
				CLANG_ENABLE_OBJC_WEAK = YES;
				CLANG_WARN_BLOCK_CAPTURE_AUTORELEASING = YES;
				CLANG_WARN_BOOL_CONVERSION = YES;
				CLANG_WARN_COMMA = YES;
				CLANG_WARN_CONSTANT_CONVERSION = YES;
				CLANG_WARN_DEPRECATED_OBJC_IMPLEMENTATIONS = YES;
				CLANG_WARN_DIRECT_OBJC_ISA_USAGE = YES_ERROR;
				CLANG_WARN_DOCUMENTATION_COMMENTS = YES;
				CLANG_WARN_EMPTY_BODY = YES;
				CLANG_WARN_ENUM_CONVERSION = YES;
				CLANG_WARN_INFINITE_RECURSION = YES;
				CLANG_WARN_INT_CONVERSION = YES;
				CLANG_WARN_NON_LITERAL_NULL_CONVERSION = YES;
				CLANG_WARN_OBJC_IMPLICIT_RETAIN_SELF = YES;
				CLANG_WARN_OBJC_LITERAL_CONVERSION = YES;
				CLANG_WARN_OBJC_ROOT_CLASS = YES_ERROR;
				CLANG_WARN_QUOTED_INCLUDE_IN_FRAMEWORK_HEADER = YES;
				CLANG_WARN_RANGE_LOOP_ANALYSIS = YES;
				CLANG_WARN_STRICT_PROTOTYPES = YES;
				CLANG_WARN_SUSPICIOUS_MOVE = YES;
				CLANG_WARN_UNGUARDED_AVAILABILITY = YES_AGGRESSIVE;
				CLANG_WARN_UNREACHABLE_CODE = YES;
				CLANG_WARN__DUPLICATE_METHOD_MATCH = YES;
				COPY_PHASE_STRIP = NO;
				DEBUG_INFORMATION_FORMAT = "dwarf-with-dsym";
				ENABLE_NS_ASSERTIONS = NO;
				ENABLE_STRICT_OBJC_MSGSEND = YES;
				GCC_C_LANGUAGE_STANDARD = gnu11;
				GCC_NO_COMMON_BLOCKS = YES;
				GCC_WARN_64_TO_32_BIT_CONVERSION = YES;
				GCC_WARN_ABOUT_RETURN_TYPE = YES_ERROR;
				GCC_WARN_UNDECLARED_SELECTOR = YES;
				GCC_WARN_UNINITIALIZED_AUTOS = YES_AGGRESSIVE;
				GCC_WARN_UNUSED_FUNCTION = YES;
				GCC_WARN_UNUSED_VARIABLE = YES;
				IPHONEOS_DEPLOYMENT_TARGET = 16.0;
				MTL_ENABLE_DEBUG_INFO = NO;
				MTL_FAST_MATH = YES;
				SDKROOT = iphoneos;
				SWIFT_COMPILATION_MODE = wholemodule;
				SWIFT_OPTIMIZATION_LEVEL = "-O";
				VALIDATE_PRODUCT = YES;
			};
			name = Release;
		};
		B3B6678B2C65D85F00EE1CDB /* Debug */ = {
			isa = XCBuildConfiguration;
			buildSettings = {
				ASSETCATALOG_COMPILER_APPICON_NAME = AppIcon;
				ASSETCATALOG_COMPILER_GLOBAL_ACCENT_COLOR_NAME = AccentColor;
				CODE_SIGN_STYLE = Automatic;
				CURRENT_PROJECT_VERSION = 1;
				GENERATE_INFOPLIST_FILE = YES;
				INFOPLIST_FILE = PracticeTable/Info.plist;
				INFOPLIST_KEY_UIApplicationSupportsIndirectInputEvents = YES;
				INFOPLIST_KEY_UILaunchStoryboardName = LaunchScreen;
				INFOPLIST_KEY_UIMainStoryboardFile = Main;
				INFOPLIST_KEY_UISupportedInterfaceOrientations_iPad = "UIInterfaceOrientationPortrait UIInterfaceOrientationPortraitUpsideDown UIInterfaceOrientationLandscapeLeft UIInterfaceOrientationLandscapeRight";
				INFOPLIST_KEY_UISupportedInterfaceOrientations_iPhone = "UIInterfaceOrientationPortrait UIInterfaceOrientationLandscapeLeft UIInterfaceOrientationLandscapeRight";
				IPHONEOS_DEPLOYMENT_TARGET = 14.0;
				LD_RUNPATH_SEARCH_PATHS = (
					"$(inherited)",
					"@executable_path/Frameworks",
				);
				MARKETING_VERSION = 1.0;
				PRODUCT_BUNDLE_IDENTIFIER = com.example.PracticeTable;
				PRODUCT_NAME = "$(TARGET_NAME)";
				SWIFT_EMIT_LOC_STRINGS = YES;
				SWIFT_VERSION = 5.0;
				TARGETED_DEVICE_FAMILY = "1,2";
			};
			name = Debug;
		};
		B3B6678C2C65D85F00EE1CDB /* Release */ = {
			isa = XCBuildConfiguration;
			buildSettings = {
				ASSETCATALOG_COMPILER_APPICON_NAME = AppIcon;
				ASSETCATALOG_COMPILER_GLOBAL_ACCENT_COLOR_NAME = AccentColor;
				CODE_SIGN_STYLE = Automatic;
				CURRENT_PROJECT_VERSION = 1;
				GENERATE_INFOPLIST_FILE = YES;
				INFOPLIST_FILE = PracticeTable/Info.plist;
				INFOPLIST_KEY_UIApplicationSupportsIndirectInputEvents = YES;
				INFOPLIST_KEY_UILaunchStoryboardName = LaunchScreen;
				INFOPLIST_KEY_UIMainStoryboardFile = Main;
				INFOPLIST_KEY_UISupportedInterfaceOrientations_iPad = "UIInterfaceOrientationPortrait UIInterfaceOrientationPortraitUpsideDown UIInterfaceOrientationLandscapeLeft UIInterfaceOrientationLandscapeRight";
				INFOPLIST_KEY_UISupportedInterfaceOrientations_iPhone = "UIInterfaceOrientationPortrait UIInterfaceOrientationLandscapeLeft UIInterfaceOrientationLandscapeRight";
				IPHONEOS_DEPLOYMENT_TARGET = 14.0;
				LD_RUNPATH_SEARCH_PATHS = (
					"$(inherited)",
					"@executable_path/Frameworks",
				);
				MARKETING_VERSION = 1.0;
				PRODUCT_BUNDLE_IDENTIFIER = com.example.PracticeTable;
				PRODUCT_NAME = "$(TARGET_NAME)";
				SWIFT_EMIT_LOC_STRINGS = YES;
				SWIFT_VERSION = 5.0;
				TARGETED_DEVICE_FAMILY = "1,2";
			};
			name = Release;
		};
/* End XCBuildConfiguration section */

/* Begin XCConfigurationList section */
		B3B667712C65D85E00EE1CDB /* Build configuration list for PBXProject "PracticeTable" */ = {
			isa = XCConfigurationList;
			buildConfigurations = (
				B3B667882C65D85F00EE1CDB /* Debug */,
				B3B667892C65D85F00EE1CDB /* Release */,
			);
			defaultConfigurationIsVisible = 0;
			defaultConfigurationName = Release;
		};
		B3B6678A2C65D85F00EE1CDB /* Build configuration list for PBXNativeTarget "PracticeTable" */ = {
			isa = XCConfigurationList;
			buildConfigurations = (
				B3B6678B2C65D85F00EE1CDB /* Debug */,
				B3B6678C2C65D85F00EE1CDB /* Release */,
			);
			defaultConfigurationIsVisible = 0;
			defaultConfigurationName = Release;
		};
/* End XCConfigurationList section */
	};
	rootObject = B3B6676E2C65D85E00EE1CDB /* Project object */;
}
